
Microsoft Visual Studio Solution File, Format Version 12.00
# Visual Studio Version 17
VisualStudioVersion = 17.8.34330.188
MinimumVisualStudioVersion = 10.0.40219.1
Project("{9A19103F-16F7-4668-BE54-9A1E7A4F7556}") = "MagicVilla_VillaAPI", "MagicVilla_VillaAPI\MagicVilla_VillaAPI.csproj", "{1A6DCBD0-B207-4F49-873B-9E8D9C4362FA}"
EndProject
Project("{FAE04EC0-301F-11D3-BF4B-00C04F79EFBC}") = "MagicVilla_Web", "MagicVilla_Web\MagicVilla_Web.csproj", "{DADACB38-AAFA-43A9-BA69-BA7593149822}"
EndProject
Project("{FAE04EC0-301F-11D3-BF4B-00C04F79EFBC}") = "MagicVilla_Utility", "MagicVilla_Utility\MagicVilla_Utility.csproj", "{3E227A8A-6CEC-4D5E-B584-C1688B987EA6}"
EndProject
Global
	GlobalSection(SolutionConfigurationPlatforms) = preSolution
		Debug|Any CPU = Debug|Any CPU
		Release|Any CPU = Release|Any CPU
	EndGlobalSection
	GlobalSection(ProjectConfigurationPlatforms) = postSolution
		{1A6DCBD0-B207-4F49-873B-9E8D9C4362FA}.Debug|Any CPU.ActiveCfg = Debug|Any CPU
		{1A6DCBD0-B207-4F49-873B-9E8D9C4362FA}.Debug|Any CPU.Build.0 = Debug|Any CPU
		{1A6DCBD0-B207-4F49-873B-9E8D9C4362FA}.Release|Any CPU.ActiveCfg = Release|Any CPU
		{1A6DCBD0-B207-4F49-873B-9E8D9C4362FA}.Release|Any CPU.Build.0 = Release|Any CPU
		{DADACB38-AAFA-43A9-BA69-BA7593149822}.Debug|Any CPU.ActiveCfg = Debug|Any CPU
		{DADACB38-AAFA-43A9-BA69-BA7593149822}.Debug|Any CPU.Build.0 = Debug|Any CPU
		{DADACB38-AAFA-43A9-BA69-BA7593149822}.Release|Any CPU.ActiveCfg = Release|Any CPU
		{DADACB38-AAFA-43A9-BA69-BA7593149822}.Release|Any CPU.Build.0 = Release|Any CPU
		{3E227A8A-6CEC-4D5E-B584-C1688B987EA6}.Debug|Any CPU.ActiveCfg = Debug|Any CPU
		{3E227A8A-6CEC-4D5E-B584-C1688B987EA6}.Debug|Any CPU.Build.0 = Debug|Any CPU
		{3E227A8A-6CEC-4D5E-B584-C1688B987EA6}.Release|Any CPU.ActiveCfg = Release|Any CPU
		{3E227A8A-6CEC-4D5E-B584-C1688B987EA6}.Release|Any CPU.Build.0 = Release|Any CPU
	EndGlobalSection
	GlobalSection(SolutionProperties) = preSolution
		HideSolutionNode = FALSE
	EndGlobalSection
	GlobalSection(ExtensibilityGlobals) = postSolution
		SolutionGuid = {EAECF9EB-B373-44BC-B4EA-54BE109DF610}
	EndGlobalSection
EndGlobal
